# THIS IS AN AUTOGENERATED FILE. DO NOT EDIT THIS FILE DIRECTLY.
# yarn lockfile v1


"@types/uuid@^8.3.0":
  version "8.3.0"
  resolved "https://registry.yarnpkg.com/@types/uuid/-/uuid-8.3.0.tgz#215c231dff736d5ba92410e6d602050cce7e273f"
  integrity sha512-eQ9qFW/fhfGJF8WKHGEHZEyVWfZxrT+6CLIJGBcZPfxUh/+BnEj+UCGYMlr9qZuX/2AltsvwrGqp0LhEW8D0zQ==

eslint-config-prettier@^8.2.0:
  version "8.2.0"
  resolved "https://registry.yarnpkg.com/eslint-config-prettier/-/eslint-config-prettier-8.2.0.tgz#78de77d63bca8e9e59dae75a614b5299925bb7b3"
  integrity sha512-dWV9EVeSo2qodOPi1iBYU/x6F6diHv8uujxbxr77xExs3zTAlNXvVZKiyLsQGNz7yPV2K49JY5WjPzNIuDc2Bw==

tslib@^2.0.0:
  version "2.2.0"
  resolved "https://registry.yarnpkg.com/tslib/-/tslib-2.2.0.tgz#fb2c475977e35e241311ede2693cee1ec6698f5c"
  integrity sha512-gS9GVHRU+RGn5KQM2rllAlR3dU6m7AcpJKdtH8gFvQiC4Otgk98XnmMU+nZenHt/+VhnBPWwgrJsyrdcw6i23w==
